
Microsoft Visual Studio Solution File, Format Version 12.00
# Visual Studio Version 17
VisualStudioVersion = 17.5.002.0
MinimumVisualStudioVersion = 10.0.40219.1
Project("{9A19103F-16F7-4668-BE54-9A1E7A4F7556}") = "ListaDeDownloads", "ListaDeDownloads.csproj", "{414635F9-35BF-4AA9-B8B8-01FF99E9E300}"
EndProject
Global
	GlobalSection(SolutionConfigurationPlatforms) = preSolution
		Debug|Any CPU = Debug|Any CPU
		Release|Any CPU = Release|Any CPU
	EndGlobalSection
	GlobalSection(ProjectConfigurationPlatforms) = postSolution
		{414635F9-35BF-4AA9-B8B8-01FF99E9E300}.Debug|Any CPU.ActiveCfg = Debug|Any CPU
		{414635F9-35BF-4AA9-B8B8-01FF99E9E300}.Debug|Any CPU.Build.0 = Debug|Any CPU
		{414635F9-35BF-4AA9-B8B8-01FF99E9E300}.Release|Any CPU.ActiveCfg = Release|Any CPU
		{414635F9-35BF-4AA9-B8B8-01FF99E9E300}.Release|Any CPU.Build.0 = Release|Any CPU
	EndGlobalSection
	GlobalSection(SolutionProperties) = preSolution
		HideSolutionNode = FALSE
	EndGlobalSection
	GlobalSection(ExtensibilityGlobals) = postSolution
		SolutionGuid = {03879B71-67BB-403F-9A37-F115E14CEC21}
	EndGlobalSection
EndGlobal
